Microsoft Visual Studio Solution File, Format Version 12.00
# Visual Studio Version 17
VisualStudioVersion = 17.8.34330.188
MinimumVisualStudioVersion = 10.0.40219.1
Project("{FAE04EC0-301F-11D3-BF4B-00C04F79EFBC}") = "VideoDownloader.Core", "src\\VideoDownloader.Core\\VideoDownloader.Core.csproj", "{A18366F9-7DD7-4E02-8311-68AE0D65A26B}"
EndProject
Project("{FAE04EC0-301F-11D3-BF4B-00C04F79EFBC}") = "VideoDownloader.Infrastructure", "src\\VideoDownloader.Infrastructure\\VideoDownloader.Infrastructure.csproj", "{ED9A0C49-0BD8-4636-92B1-9965D21BC8CB}"
EndProject
Project("{FAE04EC0-301F-11D3-BF4B-00C04F79EFBC}") = "VideoDownloader.Desktop", "src\\VideoDownloader.Desktop\\VideoDownloader.Desktop.csproj", "{2E2B4484-EFFA-44CF-A035-E56D7210CEE0}"
EndProject
Global
    GlobalSection(SolutionConfigurationPlatforms) = preSolution
        Debug|Any CPU = Debug|Any CPU
        Release|Any CPU = Release|Any CPU
    EndGlobalSection
    GlobalSection(ProjectConfigurationPlatforms) = postSolution
        {A18366F9-7DD7-4E02-8311-68AE0D65A26B}.Debug|Any CPU.ActiveCfg = Debug|Any CPU
        {A18366F9-7DD7-4E02-8311-68AE0D65A26B}.Debug|Any CPU.Build.0 = Debug|Any CPU
        {A18366F9-7DD7-4E02-8311-68AE0D65A26B}.Release|Any CPU.ActiveCfg = Release|Any CPU
        {A18366F9-7DD7-4E02-8311-68AE0D65A26B}.Release|Any CPU.Build.0 = Release|Any CPU
        {ED9A0C49-0BD8-4636-92B1-9965D21BC8CB}.Debug|Any CPU.ActiveCfg = Debug|Any CPU
        {ED9A0C49-0BD8-4636-92B1-9965D21BC8CB}.Debug|Any CPU.Build.0 = Debug|Any CPU
        {ED9A0C49-0BD8-4636-92B1-9965D21BC8CB}.Release|Any CPU.ActiveCfg = Release|Any CPU
        {ED9A0C49-0BD8-4636-92B1-9965D21BC8CB}.Release|Any CPU.Build.0 = Release|Any CPU
        {2E2B4484-EFFA-44CF-A035-E56D7210CEE0}.Debug|Any CPU.ActiveCfg = Debug|Any CPU
        {2E2B4484-EFFA-44CF-A035-E56D7210CEE0}.Debug|Any CPU.Build.0 = Debug|Any CPU
        {2E2B4484-EFFA-44CF-A035-E56D7210CEE0}.Release|Any CPU.ActiveCfg = Release|Any CPU
        {2E2B4484-EFFA-44CF-A035-E56D7210CEE0}.Release|Any CPU.Build.0 = Release|Any CPU
    EndGlobalSection
    GlobalSection(SolutionProperties) = preSolution
        HideSolutionNode = FALSE
    EndGlobalSection
    GlobalSection(ExtensibilityGlobals) = postSolution
        SolutionGuid = {9118EB6A-5F52-4DA6-B762-17A52F700401}
    EndGlobalSection
EndGlobal
