
Microsoft Visual Studio Solution File, Format Version 12.00
# Visual Studio Version 17
VisualStudioVersion = 17.0.31903.59
MinimumVisualStudioVersion = 10.0.40219.1
Project("{2150E333-8FDC-42A3-9474-1A3956D46DE8}") = "spikes", "spikes", "{10871E69-F49D-4411-B029-CE261D01D6D5}"
EndProject
Project("{FAE04EC0-301F-11D3-BF4B-00C04F79EFBC}") = "ChannelsUploadCdpSpike", "spikes\ChannelsUploadCdpSpike\ChannelsUploadCdpSpike.csproj", "{8E3335D2-1EB3-4188-85CB-67F6057886A0}"
EndProject
Project("{2150E333-8FDC-42A3-9474-1A3956D46DE8}") = "src", "src", "{A0101284-1595-4E12-937E-17DFB8EF8740}"
EndProject
Project("{2150E333-8FDC-42A3-9474-1A3956D46DE8}") = "ChannelsPublisher", "ChannelsPublisher", "{142F2B92-CC2B-439D-8C7E-E15684D8E1E5}"
EndProject
Project("{FAE04EC0-301F-11D3-BF4B-00C04F79EFBC}") = "ChannelsPublisher.Core", "src\ChannelsPublisher\ChannelsPublisher.Core\ChannelsPublisher.Core.csproj", "{92017DD5-82A0-4498-A196-49C522BECAFF}"
EndProject
Project("{FAE04EC0-301F-11D3-BF4B-00C04F79EFBC}") = "ChannelsPublisher.Desktop", "src\ChannelsPublisher\ChannelsPublisher.Desktop\ChannelsPublisher.Desktop.csproj", "{EDDB3801-AC45-4676-8FCB-AFA880D74266}"
EndProject
Project("{FAE04EC0-301F-11D3-BF4B-00C04F79EFBC}") = "ChannelsPublisher.Prep.Cli", "src\ChannelsPublisher\ChannelsPublisher.Prep.Cli\ChannelsPublisher.Prep.Cli.csproj", "{27B7A28F-3A5E-4AC6-BF5D-E7E087D48750}"
EndProject
Project("{FAE04EC0-301F-11D3-BF4B-00C04F79EFBC}") = "ChannelsPublisher.Prep", "src\ChannelsPublisher\ChannelsPublisher.Prep\ChannelsPublisher.Prep.csproj", "{762B295F-2968-45CD-9EB8-BE2694CA3366}"
EndProject
Project("{FAE04EC0-301F-11D3-BF4B-00C04F79EFBC}") = "ChannelsPublisher.Ui", "src\ChannelsPublisher\ChannelsPublisher.Ui\ChannelsPublisher.Ui.csproj", "{FD9B0CC9-0015-4F4F-B183-AEC75FA30FA8}"
EndProject
Project("{FAE04EC0-301F-11D3-BF4B-00C04F79EFBC}") = "ConvertTools.App", "src\ConvertTools.App\ConvertTools.App.csproj", "{6F0EA481-9C9B-4287-AEA7-6E751499E72B}"
EndProject
Project("{2150E333-8FDC-42A3-9474-1A3956D46DE8}") = "ShortDrama", "ShortDrama", "{82D5EF3B-8ECE-4475-ADE5-A9DD0293DDFF}"
EndProject
Project("{FAE04EC0-301F-11D3-BF4B-00C04F79EFBC}") = "ShortDrama.Agent", "src\ShortDrama\ShortDrama.Agent\ShortDrama.Agent.csproj", "{D19A1F74-40AF-4E6D-B09D-2233756BC92C}"
EndProject
Project("{FAE04EC0-301F-11D3-BF4B-00C04F79EFBC}") = "ShortDrama.Cli", "src\ShortDrama\ShortDrama.Cli\ShortDrama.Cli.csproj", "{0772D137-684A-4205-B432-38A91F3BE5EA}"
EndProject
Project("{FAE04EC0-301F-11D3-BF4B-00C04F79EFBC}") = "ShortDrama.Core", "src\ShortDrama\ShortDrama.Core\ShortDrama.Core.csproj", "{04B09D35-981F-4D83-B07D-9C2446C6B677}"
EndProject
Project("{FAE04EC0-301F-11D3-BF4B-00C04F79EFBC}") = "ShortDrama.Desktop", "src\ShortDrama\ShortDrama.Desktop\ShortDrama.Desktop.csproj", "{DA048CD2-D165-4689-9036-BCEB2904A70C}"
EndProject
Project("{FAE04EC0-301F-11D3-BF4B-00C04F79EFBC}") = "ShortDrama.Infrastructure", "src\ShortDrama\ShortDrama.Infrastructure\ShortDrama.Infrastructure.csproj", "{8806BD95-9C26-417A-840A-8C6F3E423C60}"
EndProject
Project("{2150E333-8FDC-42A3-9474-1A3956D46DE8}") = "tests", "tests", "{D5D117F1-7555-4720-BD22-2B6AEC8F491A}"
EndProject
Project("{FAE04EC0-301F-11D3-BF4B-00C04F79EFBC}") = "ChannelsPublisher.PrepCheck", "tests\ChannelsPublisher.PrepCheck\ChannelsPublisher.PrepCheck.csproj", "{2DCF2B28-5734-4C87-BF2A-F8D729607EEA}"
EndProject
Project("{FAE04EC0-301F-11D3-BF4B-00C04F79EFBC}") = "ChannelsPublisher.SchedulerCheck", "tests\ChannelsPublisher.SchedulerCheck\ChannelsPublisher.SchedulerCheck.csproj", "{D1C58BC6-3F20-4188-84DE-743370E187BB}"
EndProject
Project("{FAE04EC0-301F-11D3-BF4B-00C04F79EFBC}") = "ShortDrama.Cli.Tests", "tests\ShortDrama.Cli.Tests\ShortDrama.Cli.Tests.csproj", "{4B44D099-E2B1-43BF-947A-9B09155AFD7D}"
EndProject
Project("{FAE04EC0-301F-11D3-BF4B-00C04F79EFBC}") = "ShortDrama.Core.Tests", "tests\ShortDrama.Core.Tests\ShortDrama.Core.Tests.csproj", "{212FF2D5-4BC5-4857-8A4E-8E48FEC6EABC}"
EndProject
Project("{FAE04EC0-301F-11D3-BF4B-00C04F79EFBC}") = "ShortDrama.Infrastructure.Tests", "tests\ShortDrama.Infrastructure.Tests\ShortDrama.Infrastructure.Tests.csproj", "{234C5D28-2669-40C9-8781-88A0729A597E}"
EndProject
Project("{FAE04EC0-301F-11D3-BF4B-00C04F79EFBC}") = "ChannelsPublisher.Clip", "src\ChannelsPublisher\ChannelsPublisher.Clip\ChannelsPublisher.Clip.csproj", "{1A50B543-2749-4220-91D9-50AA1B337CFD}"
EndProject
Global
	GlobalSection(SolutionConfigurationPlatforms) = preSolution
		Debug|Any CPU = Debug|Any CPU
		Release|Any CPU = Release|Any CPU
	EndGlobalSection
	GlobalSection(SolutionProperties) = preSolution
		HideSolutionNode = FALSE
	EndGlobalSection
	GlobalSection(ProjectConfigurationPlatforms) = postSolution
		{8E3335D2-1EB3-4188-85CB-67F6057886A0}.Debug|Any CPU.ActiveCfg = Debug|Any CPU
		{8E3335D2-1EB3-4188-85CB-67F6057886A0}.Debug|Any CPU.Build.0 = Debug|Any CPU
		{8E3335D2-1EB3-4188-85CB-67F6057886A0}.Release|Any CPU.ActiveCfg = Release|Any CPU
		{8E3335D2-1EB3-4188-85CB-67F6057886A0}.Release|Any CPU.Build.0 = Release|Any CPU
		{92017DD5-82A0-4498-A196-49C522BECAFF}.Debug|Any CPU.ActiveCfg = Debug|Any CPU
		{92017DD5-82A0-4498-A196-49C522BECAFF}.Debug|Any CPU.Build.0 = Debug|Any CPU
		{92017DD5-82A0-4498-A196-49C522BECAFF}.Release|Any CPU.ActiveCfg = Release|Any CPU
		{92017DD5-82A0-4498-A196-49C522BECAFF}.Release|Any CPU.Build.0 = Release|Any CPU
		{EDDB3801-AC45-4676-8FCB-AFA880D74266}.Debug|Any CPU.ActiveCfg = Debug|Any CPU
		{EDDB3801-AC45-4676-8FCB-AFA880D74266}.Debug|Any CPU.Build.0 = Debug|Any CPU
		{EDDB3801-AC45-4676-8FCB-AFA880D74266}.Release|Any CPU.ActiveCfg = Release|Any CPU
		{EDDB3801-AC45-4676-8FCB-AFA880D74266}.Release|Any CPU.Build.0 = Release|Any CPU
		{27B7A28F-3A5E-4AC6-BF5D-E7E087D48750}.Debug|Any CPU.ActiveCfg = Debug|Any CPU
		{27B7A28F-3A5E-4AC6-BF5D-E7E087D48750}.Debug|Any CPU.Build.0 = Debug|Any CPU
		{27B7A28F-3A5E-4AC6-BF5D-E7E087D48750}.Release|Any CPU.ActiveCfg = Release|Any CPU
		{27B7A28F-3A5E-4AC6-BF5D-E7E087D48750}.Release|Any CPU.Build.0 = Release|Any CPU
		{762B295F-2968-45CD-9EB8-BE2694CA3366}.Debug|Any CPU.ActiveCfg = Debug|Any CPU
		{762B295F-2968-45CD-9EB8-BE2694CA3366}.Debug|Any CPU.Build.0 = Debug|Any CPU
		{762B295F-2968-45CD-9EB8-BE2694CA3366}.Release|Any CPU.ActiveCfg = Release|Any CPU
		{762B295F-2968-45CD-9EB8-BE2694CA3366}.Release|Any CPU.Build.0 = Release|Any CPU
		{FD9B0CC9-0015-4F4F-B183-AEC75FA30FA8}.Debug|Any CPU.ActiveCfg = Debug|Any CPU
		{FD9B0CC9-0015-4F4F-B183-AEC75FA30FA8}.Debug|Any CPU.Build.0 = Debug|Any CPU
		{FD9B0CC9-0015-4F4F-B183-AEC75FA30FA8}.Release|Any CPU.ActiveCfg = Release|Any CPU
		{FD9B0CC9-0015-4F4F-B183-AEC75FA30FA8}.Release|Any CPU.Build.0 = Release|Any CPU
		{6F0EA481-9C9B-4287-AEA7-6E751499E72B}.Debug|Any CPU.ActiveCfg = Debug|Any CPU
		{6F0EA481-9C9B-4287-AEA7-6E751499E72B}.Debug|Any CPU.Build.0 = Debug|Any CPU
		{6F0EA481-9C9B-4287-AEA7-6E751499E72B}.Release|Any CPU.ActiveCfg = Release|Any CPU
		{6F0EA481-9C9B-4287-AEA7-6E751499E72B}.Release|Any CPU.Build.0 = Release|Any CPU
		{D19A1F74-40AF-4E6D-B09D-2233756BC92C}.Debug|Any CPU.ActiveCfg = Debug|Any CPU
		{D19A1F74-40AF-4E6D-B09D-2233756BC92C}.Debug|Any CPU.Build.0 = Debug|Any CPU
		{D19A1F74-40AF-4E6D-B09D-2233756BC92C}.Release|Any CPU.ActiveCfg = Release|Any CPU
		{D19A1F74-40AF-4E6D-B09D-2233756BC92C}.Release|Any CPU.Build.0 = Release|Any CPU
		{0772D137-684A-4205-B432-38A91F3BE5EA}.Debug|Any CPU.ActiveCfg = Debug|Any CPU
		{0772D137-684A-4205-B432-38A91F3BE5EA}.Debug|Any CPU.Build.0 = Debug|Any CPU
		{0772D137-684A-4205-B432-38A91F3BE5EA}.Release|Any CPU.ActiveCfg = Release|Any CPU
		{0772D137-684A-4205-B432-38A91F3BE5EA}.Release|Any CPU.Build.0 = Release|Any CPU
		{04B09D35-981F-4D83-B07D-9C2446C6B677}.Debug|Any CPU.ActiveCfg = Debug|Any CPU
		{04B09D35-981F-4D83-B07D-9C2446C6B677}.Debug|Any CPU.Build.0 = Debug|Any CPU
		{04B09D35-981F-4D83-B07D-9C2446C6B677}.Release|Any CPU.ActiveCfg = Release|Any CPU
		{04B09D35-981F-4D83-B07D-9C2446C6B677}.Release|Any CPU.Build.0 = Release|Any CPU
		{DA048CD2-D165-4689-9036-BCEB2904A70C}.Debug|Any CPU.ActiveCfg = Debug|Any CPU
		{DA048CD2-D165-4689-9036-BCEB2904A70C}.Debug|Any CPU.Build.0 = Debug|Any CPU
		{DA048CD2-D165-4689-9036-BCEB2904A70C}.Release|Any CPU.ActiveCfg = Release|Any CPU
		{DA048CD2-D165-4689-9036-BCEB2904A70C}.Release|Any CPU.Build.0 = Release|Any CPU
		{8806BD95-9C26-417A-840A-8C6F3E423C60}.Debug|Any CPU.ActiveCfg = Debug|Any CPU
		{8806BD95-9C26-417A-840A-8C6F3E423C60}.Debug|Any CPU.Build.0 = Debug|Any CPU
		{8806BD95-9C26-417A-840A-8C6F3E423C60}.Release|Any CPU.ActiveCfg = Release|Any CPU
		{8806BD95-9C26-417A-840A-8C6F3E423C60}.Release|Any CPU.Build.0 = Release|Any CPU
		{2DCF2B28-5734-4C87-BF2A-F8D729607EEA}.Debug|Any CPU.ActiveCfg = Debug|Any CPU
		{2DCF2B28-5734-4C87-BF2A-F8D729607EEA}.Debug|Any CPU.Build.0 = Debug|Any CPU
		{2DCF2B28-5734-4C87-BF2A-F8D729607EEA}.Release|Any CPU.ActiveCfg = Release|Any CPU
		{2DCF2B28-5734-4C87-BF2A-F8D729607EEA}.Release|Any CPU.Build.0 = Release|Any CPU
		{D1C58BC6-3F20-4188-84DE-743370E187BB}.Debug|Any CPU.ActiveCfg = Debug|Any CPU
		{D1C58BC6-3F20-4188-84DE-743370E187BB}.Debug|Any CPU.Build.0 = Debug|Any CPU
		{D1C58BC6-3F20-4188-84DE-743370E187BB}.Release|Any CPU.ActiveCfg = Release|Any CPU
		{D1C58BC6-3F20-4188-84DE-743370E187BB}.Release|Any CPU.Build.0 = Release|Any CPU
		{4B44D099-E2B1-43BF-947A-9B09155AFD7D}.Debug|Any CPU.ActiveCfg = Debug|Any CPU
		{4B44D099-E2B1-43BF-947A-9B09155AFD7D}.Debug|Any CPU.Build.0 = Debug|Any CPU
		{4B44D099-E2B1-43BF-947A-9B09155AFD7D}.Release|Any CPU.ActiveCfg = Release|Any CPU
		{4B44D099-E2B1-43BF-947A-9B09155AFD7D}.Release|Any CPU.Build.0 = Release|Any CPU
		{212FF2D5-4BC5-4857-8A4E-8E48FEC6EABC}.Debug|Any CPU.ActiveCfg = Debug|Any CPU
		{212FF2D5-4BC5-4857-8A4E-8E48FEC6EABC}.Debug|Any CPU.Build.0 = Debug|Any CPU
		{212FF2D5-4BC5-4857-8A4E-8E48FEC6EABC}.Release|Any CPU.ActiveCfg = Release|Any CPU
		{212FF2D5-4BC5-4857-8A4E-8E48FEC6EABC}.Release|Any CPU.Build.0 = Release|Any CPU
		{234C5D28-2669-40C9-8781-88A0729A597E}.Debug|Any CPU.ActiveCfg = Debug|Any CPU
		{234C5D28-2669-40C9-8781-88A0729A597E}.Debug|Any CPU.Build.0 = Debug|Any CPU
		{234C5D28-2669-40C9-8781-88A0729A597E}.Release|Any CPU.ActiveCfg = Release|Any CPU
		{234C5D28-2669-40C9-8781-88A0729A597E}.Release|Any CPU.Build.0 = Release|Any CPU
		{1A50B543-2749-4220-91D9-50AA1B337CFD}.Debug|Any CPU.ActiveCfg = Debug|Any CPU
		{1A50B543-2749-4220-91D9-50AA1B337CFD}.Debug|Any CPU.Build.0 = Debug|Any CPU
		{1A50B543-2749-4220-91D9-50AA1B337CFD}.Release|Any CPU.ActiveCfg = Release|Any CPU
		{1A50B543-2749-4220-91D9-50AA1B337CFD}.Release|Any CPU.Build.0 = Release|Any CPU
	EndGlobalSection
	GlobalSection(NestedProjects) = preSolution
		{8E3335D2-1EB3-4188-85CB-67F6057886A0} = {10871E69-F49D-4411-B029-CE261D01D6D5}
		{142F2B92-CC2B-439D-8C7E-E15684D8E1E5} = {A0101284-1595-4E12-937E-17DFB8EF8740}
		{92017DD5-82A0-4498-A196-49C522BECAFF} = {142F2B92-CC2B-439D-8C7E-E15684D8E1E5}
		{EDDB3801-AC45-4676-8FCB-AFA880D74266} = {142F2B92-CC2B-439D-8C7E-E15684D8E1E5}
		{27B7A28F-3A5E-4AC6-BF5D-E7E087D48750} = {142F2B92-CC2B-439D-8C7E-E15684D8E1E5}
		{762B295F-2968-45CD-9EB8-BE2694CA3366} = {142F2B92-CC2B-439D-8C7E-E15684D8E1E5}
		{FD9B0CC9-0015-4F4F-B183-AEC75FA30FA8} = {142F2B92-CC2B-439D-8C7E-E15684D8E1E5}
		{6F0EA481-9C9B-4287-AEA7-6E751499E72B} = {A0101284-1595-4E12-937E-17DFB8EF8740}
		{82D5EF3B-8ECE-4475-ADE5-A9DD0293DDFF} = {A0101284-1595-4E12-937E-17DFB8EF8740}
		{D19A1F74-40AF-4E6D-B09D-2233756BC92C} = {82D5EF3B-8ECE-4475-ADE5-A9DD0293DDFF}
		{0772D137-684A-4205-B432-38A91F3BE5EA} = {82D5EF3B-8ECE-4475-ADE5-A9DD0293DDFF}
		{04B09D35-981F-4D83-B07D-9C2446C6B677} = {82D5EF3B-8ECE-4475-ADE5-A9DD0293DDFF}
		{DA048CD2-D165-4689-9036-BCEB2904A70C} = {82D5EF3B-8ECE-4475-ADE5-A9DD0293DDFF}
		{8806BD95-9C26-417A-840A-8C6F3E423C60} = {82D5EF3B-8ECE-4475-ADE5-A9DD0293DDFF}
		{2DCF2B28-5734-4C87-BF2A-F8D729607EEA} = {D5D117F1-7555-4720-BD22-2B6AEC8F491A}
		{D1C58BC6-3F20-4188-84DE-743370E187BB} = {D5D117F1-7555-4720-BD22-2B6AEC8F491A}
		{4B44D099-E2B1-43BF-947A-9B09155AFD7D} = {D5D117F1-7555-4720-BD22-2B6AEC8F491A}
		{212FF2D5-4BC5-4857-8A4E-8E48FEC6EABC} = {D5D117F1-7555-4720-BD22-2B6AEC8F491A}
		{234C5D28-2669-40C9-8781-88A0729A597E} = {D5D117F1-7555-4720-BD22-2B6AEC8F491A}
		{1A50B543-2749-4220-91D9-50AA1B337CFD} = {142F2B92-CC2B-439D-8C7E-E15684D8E1E5}
	EndGlobalSection
EndGlobal
