
Microsoft Visual Studio Solution File, Format Version 12.00
# Visual Studio Version 17
VisualStudioVersion = 17.0.31903.59
MinimumVisualStudioVersion = 10.0.40219.1
Project("{2150E333-8FDC-42A3-9474-1A3956D46DE8}") = "src", "src", "{4CC5B8F7-17A2-4B6F-B47D-20453F8BE055}"
EndProject
Project("{FAE04EC0-301F-11D3-BF4B-00C04F79EFBC}") = "ChannelsPublisher.Core", "src\ChannelsPublisher.Core\ChannelsPublisher.Core.csproj", "{91E97B4D-64F4-4AF6-8EE3-D28A4BB80E6B}"
EndProject
Project("{FAE04EC0-301F-11D3-BF4B-00C04F79EFBC}") = "ChannelsPublisher.Desktop", "src\ChannelsPublisher.Desktop\ChannelsPublisher.Desktop.csproj", "{E1DDB4B7-9A73-4C29-8468-E5EAA7B509FC}"
EndProject
Project("{FAE04EC0-301F-11D3-BF4B-00C04F79EFBC}") = "ChannelsPublisher.Prep", "src\ChannelsPublisher.Prep\ChannelsPublisher.Prep.csproj", "{9A24C5BD-B167-45AB-8E0E-E3B1F8E2DE5E}"
EndProject
Project("{FAE04EC0-301F-11D3-BF4B-00C04F79EFBC}") = "ChannelsPublisher.Prep.Cli", "src\ChannelsPublisher.Prep.Cli\ChannelsPublisher.Prep.Cli.csproj", "{F915D8EE-03EA-4A10-97D9-45D22B2AB7BB}"
EndProject
Project("{2150E333-8FDC-42A3-9474-1A3956D46DE8}") = "tests", "tests", "{3F836951-CAC7-424D-BFD7-7F2FABA6F2B6}"
EndProject
Project("{FAE04EC0-301F-11D3-BF4B-00C04F79EFBC}") = "ChannelsPublisher.PrepCheck", "tests\ChannelsPublisher.PrepCheck\ChannelsPublisher.PrepCheck.csproj", "{A81B8EE7-5026-4477-B5F5-6805B3A1CECD}"
EndProject
Project("{FAE04EC0-301F-11D3-BF4B-00C04F79EFBC}") = "ChannelsPublisher.SchedulerCheck", "tests\ChannelsPublisher.SchedulerCheck\ChannelsPublisher.SchedulerCheck.csproj", "{BC1AFE91-BFF7-4ED1-9781-25C22150A738}"
EndProject
Project("{FAE04EC0-301F-11D3-BF4B-00C04F79EFBC}") = "ConvertTools.App", "src\ConvertTools.App\ConvertTools.App.csproj", "{0E737A66-F6B5-47A6-81B0-C7B4E28D8A96}"
EndProject
Project("{FAE04EC0-301F-11D3-BF4B-00C04F79EFBC}") = "ChannelsPublisher.Ui", "src\ChannelsPublisher.Ui\ChannelsPublisher.Ui.csproj", "{9781B36D-F96F-4D1E-A044-BF8C17D33D51}"
EndProject
Global
	GlobalSection(SolutionConfigurationPlatforms) = preSolution
		Debug|Any CPU = Debug|Any CPU
		Release|Any CPU = Release|Any CPU
	EndGlobalSection
	GlobalSection(SolutionProperties) = preSolution
		HideSolutionNode = FALSE
	EndGlobalSection
	GlobalSection(ProjectConfigurationPlatforms) = postSolution
		{91E97B4D-64F4-4AF6-8EE3-D28A4BB80E6B}.Debug|Any CPU.ActiveCfg = Debug|Any CPU
		{91E97B4D-64F4-4AF6-8EE3-D28A4BB80E6B}.Debug|Any CPU.Build.0 = Debug|Any CPU
		{91E97B4D-64F4-4AF6-8EE3-D28A4BB80E6B}.Release|Any CPU.ActiveCfg = Release|Any CPU
		{91E97B4D-64F4-4AF6-8EE3-D28A4BB80E6B}.Release|Any CPU.Build.0 = Release|Any CPU
		{E1DDB4B7-9A73-4C29-8468-E5EAA7B509FC}.Debug|Any CPU.ActiveCfg = Debug|Any CPU
		{E1DDB4B7-9A73-4C29-8468-E5EAA7B509FC}.Debug|Any CPU.Build.0 = Debug|Any CPU
		{E1DDB4B7-9A73-4C29-8468-E5EAA7B509FC}.Release|Any CPU.ActiveCfg = Release|Any CPU
		{E1DDB4B7-9A73-4C29-8468-E5EAA7B509FC}.Release|Any CPU.Build.0 = Release|Any CPU
		{9A24C5BD-B167-45AB-8E0E-E3B1F8E2DE5E}.Debug|Any CPU.ActiveCfg = Debug|Any CPU
		{9A24C5BD-B167-45AB-8E0E-E3B1F8E2DE5E}.Debug|Any CPU.Build.0 = Debug|Any CPU
		{9A24C5BD-B167-45AB-8E0E-E3B1F8E2DE5E}.Release|Any CPU.ActiveCfg = Release|Any CPU
		{9A24C5BD-B167-45AB-8E0E-E3B1F8E2DE5E}.Release|Any CPU.Build.0 = Release|Any CPU
		{F915D8EE-03EA-4A10-97D9-45D22B2AB7BB}.Debug|Any CPU.ActiveCfg = Debug|Any CPU
		{F915D8EE-03EA-4A10-97D9-45D22B2AB7BB}.Debug|Any CPU.Build.0 = Debug|Any CPU
		{F915D8EE-03EA-4A10-97D9-45D22B2AB7BB}.Release|Any CPU.ActiveCfg = Release|Any CPU
		{F915D8EE-03EA-4A10-97D9-45D22B2AB7BB}.Release|Any CPU.Build.0 = Release|Any CPU
		{A81B8EE7-5026-4477-B5F5-6805B3A1CECD}.Debug|Any CPU.ActiveCfg = Debug|Any CPU
		{A81B8EE7-5026-4477-B5F5-6805B3A1CECD}.Debug|Any CPU.Build.0 = Debug|Any CPU
		{A81B8EE7-5026-4477-B5F5-6805B3A1CECD}.Release|Any CPU.ActiveCfg = Release|Any CPU
		{A81B8EE7-5026-4477-B5F5-6805B3A1CECD}.Release|Any CPU.Build.0 = Release|Any CPU
		{BC1AFE91-BFF7-4ED1-9781-25C22150A738}.Debug|Any CPU.ActiveCfg = Debug|Any CPU
		{BC1AFE91-BFF7-4ED1-9781-25C22150A738}.Debug|Any CPU.Build.0 = Debug|Any CPU
		{BC1AFE91-BFF7-4ED1-9781-25C22150A738}.Release|Any CPU.ActiveCfg = Release|Any CPU
		{BC1AFE91-BFF7-4ED1-9781-25C22150A738}.Release|Any CPU.Build.0 = Release|Any CPU
		{0E737A66-F6B5-47A6-81B0-C7B4E28D8A96}.Debug|Any CPU.ActiveCfg = Debug|Any CPU
		{0E737A66-F6B5-47A6-81B0-C7B4E28D8A96}.Debug|Any CPU.Build.0 = Debug|Any CPU
		{0E737A66-F6B5-47A6-81B0-C7B4E28D8A96}.Release|Any CPU.ActiveCfg = Release|Any CPU
		{0E737A66-F6B5-47A6-81B0-C7B4E28D8A96}.Release|Any CPU.Build.0 = Release|Any CPU
		{9781B36D-F96F-4D1E-A044-BF8C17D33D51}.Debug|Any CPU.ActiveCfg = Debug|Any CPU
		{9781B36D-F96F-4D1E-A044-BF8C17D33D51}.Debug|Any CPU.Build.0 = Debug|Any CPU
		{9781B36D-F96F-4D1E-A044-BF8C17D33D51}.Release|Any CPU.ActiveCfg = Release|Any CPU
		{9781B36D-F96F-4D1E-A044-BF8C17D33D51}.Release|Any CPU.Build.0 = Release|Any CPU
	EndGlobalSection
	GlobalSection(NestedProjects) = preSolution
		{91E97B4D-64F4-4AF6-8EE3-D28A4BB80E6B} = {4CC5B8F7-17A2-4B6F-B47D-20453F8BE055}
		{E1DDB4B7-9A73-4C29-8468-E5EAA7B509FC} = {4CC5B8F7-17A2-4B6F-B47D-20453F8BE055}
		{9A24C5BD-B167-45AB-8E0E-E3B1F8E2DE5E} = {4CC5B8F7-17A2-4B6F-B47D-20453F8BE055}
		{F915D8EE-03EA-4A10-97D9-45D22B2AB7BB} = {4CC5B8F7-17A2-4B6F-B47D-20453F8BE055}
		{A81B8EE7-5026-4477-B5F5-6805B3A1CECD} = {3F836951-CAC7-424D-BFD7-7F2FABA6F2B6}
		{BC1AFE91-BFF7-4ED1-9781-25C22150A738} = {3F836951-CAC7-424D-BFD7-7F2FABA6F2B6}
		{0E737A66-F6B5-47A6-81B0-C7B4E28D8A96} = {4CC5B8F7-17A2-4B6F-B47D-20453F8BE055}
		{9781B36D-F96F-4D1E-A044-BF8C17D33D51} = {4CC5B8F7-17A2-4B6F-B47D-20453F8BE055}
	EndGlobalSection
EndGlobal
